
Microsoft Visual Studio Solution File, Format Version 12.00
# Visual Studio Version 18
VisualStudioVersion = 18.4.11612.150 stable
MinimumVisualStudioVersion = 10.0.40219.1
Project("{FAE04EC0-301F-11D3-BF4B-00C04F79EFBC}") = "Our first project", "Our first project.csproj", "{7F358AF4-382F-4D9F-83D1-0BC3E1CF057D}"
EndProject
Global
	GlobalSection(SolutionConfigurationPlatforms) = preSolution
		Debug|Any CPU = Debug|Any CPU
		Release|Any CPU = Release|Any CPU
	EndGlobalSection
	GlobalSection(ProjectConfigurationPlatforms) = postSolution
		{7F358AF4-382F-4D9F-83D1-0BC3E1CF057D}.Debug|Any CPU.ActiveCfg = Debug|Any CPU
		{7F358AF4-382F-4D9F-83D1-0BC3E1CF057D}.Debug|Any CPU.Build.0 = Debug|Any CPU
		{7F358AF4-382F-4D9F-83D1-0BC3E1CF057D}.Release|Any CPU.ActiveCfg = Release|Any CPU
		{7F358AF4-382F-4D9F-83D1-0BC3E1CF057D}.Release|Any CPU.Build.0 = Release|Any CPU
	EndGlobalSection
	GlobalSection(SolutionProperties) = preSolution
		HideSolutionNode = FALSE
	EndGlobalSection
	GlobalSection(ExtensibilityGlobals) = postSolution
		SolutionGuid = {D297B667-5DC2-4936-B159-9B67F3A4694E}
	EndGlobalSection
EndGlobal
